# This file is automatically @generated by Cargo.
# It is not intended for manual editing.
version = 3

[[package]]
name = "chip-rust"
version = "0.1.0"
dependencies = [
 "wokwi_chip_ll",
]

[[package]]
name = "wokwi_chip_ll"
version = "0.1.1"
source = "registry+https://github.com/rust-lang/crates.io-index"
checksum = "9ce61b94e241449ad14dded340468f460db3bd5cff4be094affd6a4ab0b22338"
